{
  "name": "nodejs",
  "version": "1.0.0",
  "lockfileVersion": 3,
  "requires": true,
  "packages": {
    "": {
      "name": "nodejs",
      "version": "1.0.0",
      "license": "ISC",
      "dependencies": {
        "@prisma/client": "5.22.0",
        "@prisma/extension-accelerate": "1.2.1"
      }
    },
    "node_modules/@prisma/client": {
      "version": "5.22.0",
      "resolved": "https://registry.npmjs.org/@prisma/client/-/client-5.22.0.tgz",
      "integrity": "sha512-M0SVXfyHnQREBKxCgyo7sffrKttwE6R8PMq330MIUF0pTwjUhLbW84pFDlf06B27XyCR++VtjugEnIHdr07SVA==",
      "hasInstallScript": true,
      "license": "Apache-2.0",
      "engines": {
        "node": ">=16.13"
      },
      "peerDependencies": {
        "prisma": "*"
      },
      "peerDependenciesMeta": {
        "prisma": {
          "optional": true
        }
      }
    },
    "node_modules/@prisma/extension-accelerate": {
      "version": "1.2.1",
      "resolved": "https://registry.npmjs.org/@prisma/extension-accelerate/-/extension-accelerate-1.2.1.tgz",
      "integrity": "sha512-QicnMeyqL226ilT3vvRsFAqPeIdqHGKR4c25CoK5zZ1tNIv8egfgpD1gCKqOGmfAz0pIKQnMuJU3eNg9KItC7A==",
      "engines": {
        "node": ">=16"
      },
      "peerDependencies": {
        "@prisma/client": ">=4.16.1"
      }
    }
  }
}
